
Microsoft Visual Studio Solution File, Format Version 12.00
# Visual Studio 15
VisualStudioVersion = 15.0.28010.2046
MinimumVisualStudioVersion = 10.0.40219.1
Project("{8BC9CEB8-8B4A-11D0-8D11-00A0C91BC942}") = "seqsearch", "seqsearch\seqsearch.vcxproj", "{F4AB3603-9EA9-4C7D-9582-D69DDA16487D}"
EndProject
Project("{8BC9CEB8-8B4A-11D0-8D11-00A0C91BC942}") = "seqindexsearch", "seqindexsearch\seqindexsearch.vcxproj", "{A321B5C4-563E-4017-857C-B307F6422B57}"
EndProject
Project("{8BC9CEB8-8B4A-11D0-8D11-00A0C91BC942}") = "binsearch", "binsearch\binsearch.vcxproj", "{28340375-F8CC-4B8A-B538-4E841B9BD0FB}"
EndProject
Project("{8BC9CEB8-8B4A-11D0-8D11-00A0C91BC942}") = "statichashing", "statichashing\statichashing.vcxproj", "{9F8E0C57-171B-47B7-8B02-440ADA4E59FC}"
EndProject
Project("{8BC9CEB8-8B4A-11D0-8D11-00A0C91BC942}") = "chaininghasing", "chaininghasing\chaininghasing.vcxproj", "{66F748D3-5309-4F77-A08A-3DF3DD690B28}"
EndProject
Project("{8BC9CEB8-8B4A-11D0-8D11-00A0C91BC942}") = "avltree", "avltree\avltree.vcxproj", "{2D8F7A34-6C52-4FA3-A008-8E4A1E0E0E42}"
EndProject
Global
	GlobalSection(SolutionConfigurationPlatforms) = preSolution
		Debug|x64 = Debug|x64
		Debug|x86 = Debug|x86
		Release|x64 = Release|x64
		Release|x86 = Release|x86
	EndGlobalSection
	GlobalSection(ProjectConfigurationPlatforms) = postSolution
		{F4AB3603-9EA9-4C7D-9582-D69DDA16487D}.Debug|x64.ActiveCfg = Debug|x64
		{F4AB3603-9EA9-4C7D-9582-D69DDA16487D}.Debug|x64.Build.0 = Debug|x64
		{F4AB3603-9EA9-4C7D-9582-D69DDA16487D}.Debug|x86.ActiveCfg = Debug|Win32
		{F4AB3603-9EA9-4C7D-9582-D69DDA16487D}.Debug|x86.Build.0 = Debug|Win32
		{F4AB3603-9EA9-4C7D-9582-D69DDA16487D}.Release|x64.ActiveCfg = Release|x64
		{F4AB3603-9EA9-4C7D-9582-D69DDA16487D}.Release|x64.Build.0 = Release|x64
		{F4AB3603-9EA9-4C7D-9582-D69DDA16487D}.Release|x86.ActiveCfg = Release|Win32
		{F4AB3603-9EA9-4C7D-9582-D69DDA16487D}.Release|x86.Build.0 = Release|Win32
		{A321B5C4-563E-4017-857C-B307F6422B57}.Debug|x64.ActiveCfg = Debug|x64
		{A321B5C4-563E-4017-857C-B307F6422B57}.Debug|x64.Build.0 = Debug|x64
		{A321B5C4-563E-4017-857C-B307F6422B57}.Debug|x86.ActiveCfg = Debug|Win32
		{A321B5C4-563E-4017-857C-B307F6422B57}.Debug|x86.Build.0 = Debug|Win32
		{A321B5C4-563E-4017-857C-B307F6422B57}.Release|x64.ActiveCfg = Release|x64
		{A321B5C4-563E-4017-857C-B307F6422B57}.Release|x64.Build.0 = Release|x64
		{A321B5C4-563E-4017-857C-B307F6422B57}.Release|x86.ActiveCfg = Release|Win32
		{A321B5C4-563E-4017-857C-B307F6422B57}.Release|x86.Build.0 = Release|Win32
		{28340375-F8CC-4B8A-B538-4E841B9BD0FB}.Debug|x64.ActiveCfg = Debug|x64
		{28340375-F8CC-4B8A-B538-4E841B9BD0FB}.Debug|x64.Build.0 = Debug|x64
		{28340375-F8CC-4B8A-B538-4E841B9BD0FB}.Debug|x86.ActiveCfg = Debug|Win32
		{28340375-F8CC-4B8A-B538-4E841B9BD0FB}.Debug|x86.Build.0 = Debug|Win32
		{28340375-F8CC-4B8A-B538-4E841B9BD0FB}.Release|x64.ActiveCfg = Release|x64
		{28340375-F8CC-4B8A-B538-4E841B9BD0FB}.Release|x64.Build.0 = Release|x64
		{28340375-F8CC-4B8A-B538-4E841B9BD0FB}.Release|x86.ActiveCfg = Release|Win32
		{28340375-F8CC-4B8A-B538-4E841B9BD0FB}.Release|x86.Build.0 = Release|Win32
		{9F8E0C57-171B-47B7-8B02-440ADA4E59FC}.Debug|x64.ActiveCfg = Debug|x64
		{9F8E0C57-171B-47B7-8B02-440ADA4E59FC}.Debug|x64.Build.0 = Debug|x64
		{9F8E0C57-171B-47B7-8B02-440ADA4E59FC}.Debug|x86.ActiveCfg = Debug|Win32
		{9F8E0C57-171B-47B7-8B02-440ADA4E59FC}.Debug|x86.Build.0 = Debug|Win32
		{9F8E0C57-171B-47B7-8B02-440ADA4E59FC}.Release|x64.ActiveCfg = Release|x64
		{9F8E0C57-171B-47B7-8B02-440ADA4E59FC}.Release|x64.Build.0 = Release|x64
		{9F8E0C57-171B-47B7-8B02-440ADA4E59FC}.Release|x86.ActiveCfg = Release|Win32
		{9F8E0C57-171B-47B7-8B02-440ADA4E59FC}.Release|x86.Build.0 = Release|Win32
		{66F748D3-5309-4F77-A08A-3DF3DD690B28}.Debug|x64.ActiveCfg = Debug|x64
		{66F748D3-5309-4F77-A08A-3DF3DD690B28}.Debug|x64.Build.0 = Debug|x64
		{66F748D3-5309-4F77-A08A-3DF3DD690B28}.Debug|x86.ActiveCfg = Debug|Win32
		{66F748D3-5309-4F77-A08A-3DF3DD690B28}.Debug|x86.Build.0 = Debug|Win32
		{66F748D3-5309-4F77-A08A-3DF3DD690B28}.Release|x64.ActiveCfg = Release|x64
		{66F748D3-5309-4F77-A08A-3DF3DD690B28}.Release|x64.Build.0 = Release|x64
		{66F748D3-5309-4F77-A08A-3DF3DD690B28}.Release|x86.ActiveCfg = Release|Win32
		{66F748D3-5309-4F77-A08A-3DF3DD690B28}.Release|x86.Build.0 = Release|Win32
		{2D8F7A34-6C52-4FA3-A008-8E4A1E0E0E42}.Debug|x64.ActiveCfg = Debug|x64
		{2D8F7A34-6C52-4FA3-A008-8E4A1E0E0E42}.Debug|x64.Build.0 = Debug|x64
		{2D8F7A34-6C52-4FA3-A008-8E4A1E0E0E42}.Debug|x86.ActiveCfg = Debug|Win32
		{2D8F7A34-6C52-4FA3-A008-8E4A1E0E0E42}.Debug|x86.Build.0 = Debug|Win32
		{2D8F7A34-6C52-4FA3-A008-8E4A1E0E0E42}.Release|x64.ActiveCfg = Release|x64
		{2D8F7A34-6C52-4FA3-A008-8E4A1E0E0E42}.Release|x64.Build.0 = Release|x64
		{2D8F7A34-6C52-4FA3-A008-8E4A1E0E0E42}.Release|x86.ActiveCfg = Release|Win32
		{2D8F7A34-6C52-4FA3-A008-8E4A1E0E0E42}.Release|x86.Build.0 = Release|Win32
	EndGlobalSection
	GlobalSection(SolutionProperties) = preSolution
		HideSolutionNode = FALSE
	EndGlobalSection
	GlobalSection(ExtensibilityGlobals) = postSolution
		SolutionGuid = {0936C707-779A-4D32-A765-DA5514D606D0}
	EndGlobalSection
EndGlobal
