
Microsoft Visual Studio Solution File, Format Version 12.00
# Visual Studio 15
VisualStudioVersion = 15.0.28307.705
MinimumVisualStudioVersion = 10.0.40219.1
Project("{8BC9CEB8-8B4A-11D0-8D11-00A0C91BC942}") = "arraygraph", "arraygraph\arraygraph.vcxproj", "{0CCC5E11-0F34-4867-B870-2AD4E9BC195A}"
EndProject
Project("{8BC9CEB8-8B4A-11D0-8D11-00A0C91BC942}") = "linkedgraph", "linkedgraph\linkedgraph.vcxproj", "{A97FC027-081C-47A4-8C3E-7A51DCD21C3F}"
EndProject
Project("{8BC9CEB8-8B4A-11D0-8D11-00A0C91BC942}") = "graphtraversal", "graphtraversal\graphtraversal.vcxproj", "{0BC6E642-30B3-4DB6-9093-4FBB1C639568}"
EndProject
Project("{8BC9CEB8-8B4A-11D0-8D11-00A0C91BC942}") = "graphtraversal_bfs", "graphtraversal_bfs\graphtraversal_bfs.vcxproj", "{A81E4EC3-F3D3-46BF-8325-3943333AE668}"
EndProject
Global
	GlobalSection(SolutionConfigurationPlatforms) = preSolution
		Debug|x64 = Debug|x64
		Debug|x86 = Debug|x86
		Release|x64 = Release|x64
		Release|x86 = Release|x86
	EndGlobalSection
	GlobalSection(ProjectConfigurationPlatforms) = postSolution
		{0CCC5E11-0F34-4867-B870-2AD4E9BC195A}.Debug|x64.ActiveCfg = Debug|x64
		{0CCC5E11-0F34-4867-B870-2AD4E9BC195A}.Debug|x64.Build.0 = Debug|x64
		{0CCC5E11-0F34-4867-B870-2AD4E9BC195A}.Debug|x86.ActiveCfg = Debug|Win32
		{0CCC5E11-0F34-4867-B870-2AD4E9BC195A}.Debug|x86.Build.0 = Debug|Win32
		{0CCC5E11-0F34-4867-B870-2AD4E9BC195A}.Release|x64.ActiveCfg = Release|x64
		{0CCC5E11-0F34-4867-B870-2AD4E9BC195A}.Release|x64.Build.0 = Release|x64
		{0CCC5E11-0F34-4867-B870-2AD4E9BC195A}.Release|x86.ActiveCfg = Release|Win32
		{0CCC5E11-0F34-4867-B870-2AD4E9BC195A}.Release|x86.Build.0 = Release|Win32
		{A97FC027-081C-47A4-8C3E-7A51DCD21C3F}.Debug|x64.ActiveCfg = Debug|x64
		{A97FC027-081C-47A4-8C3E-7A51DCD21C3F}.Debug|x64.Build.0 = Debug|x64
		{A97FC027-081C-47A4-8C3E-7A51DCD21C3F}.Debug|x86.ActiveCfg = Debug|Win32
		{A97FC027-081C-47A4-8C3E-7A51DCD21C3F}.Debug|x86.Build.0 = Debug|Win32
		{A97FC027-081C-47A4-8C3E-7A51DCD21C3F}.Release|x64.ActiveCfg = Release|x64
		{A97FC027-081C-47A4-8C3E-7A51DCD21C3F}.Release|x64.Build.0 = Release|x64
		{A97FC027-081C-47A4-8C3E-7A51DCD21C3F}.Release|x86.ActiveCfg = Release|Win32
		{A97FC027-081C-47A4-8C3E-7A51DCD21C3F}.Release|x86.Build.0 = Release|Win32
		{0BC6E642-30B3-4DB6-9093-4FBB1C639568}.Debug|x64.ActiveCfg = Debug|x64
		{0BC6E642-30B3-4DB6-9093-4FBB1C639568}.Debug|x64.Build.0 = Debug|x64
		{0BC6E642-30B3-4DB6-9093-4FBB1C639568}.Debug|x86.ActiveCfg = Debug|Win32
		{0BC6E642-30B3-4DB6-9093-4FBB1C639568}.Debug|x86.Build.0 = Debug|Win32
		{0BC6E642-30B3-4DB6-9093-4FBB1C639568}.Release|x64.ActiveCfg = Release|x64
		{0BC6E642-30B3-4DB6-9093-4FBB1C639568}.Release|x64.Build.0 = Release|x64
		{0BC6E642-30B3-4DB6-9093-4FBB1C639568}.Release|x86.ActiveCfg = Release|Win32
		{0BC6E642-30B3-4DB6-9093-4FBB1C639568}.Release|x86.Build.0 = Release|Win32
		{A81E4EC3-F3D3-46BF-8325-3943333AE668}.Debug|x64.ActiveCfg = Debug|x64
		{A81E4EC3-F3D3-46BF-8325-3943333AE668}.Debug|x64.Build.0 = Debug|x64
		{A81E4EC3-F3D3-46BF-8325-3943333AE668}.Debug|x86.ActiveCfg = Debug|Win32
		{A81E4EC3-F3D3-46BF-8325-3943333AE668}.Debug|x86.Build.0 = Debug|Win32
		{A81E4EC3-F3D3-46BF-8325-3943333AE668}.Release|x64.ActiveCfg = Release|x64
		{A81E4EC3-F3D3-46BF-8325-3943333AE668}.Release|x64.Build.0 = Release|x64
		{A81E4EC3-F3D3-46BF-8325-3943333AE668}.Release|x86.ActiveCfg = Release|Win32
		{A81E4EC3-F3D3-46BF-8325-3943333AE668}.Release|x86.Build.0 = Release|Win32
	EndGlobalSection
	GlobalSection(SolutionProperties) = preSolution
		HideSolutionNode = FALSE
	EndGlobalSection
	GlobalSection(ExtensibilityGlobals) = postSolution
		SolutionGuid = {369FA461-A14A-4A2D-88DD-70E674E9820B}
	EndGlobalSection
EndGlobal
