
Microsoft Visual Studio Solution File, Format Version 12.00
# Visual Studio 15
VisualStudioVersion = 15.0.28307.705
MinimumVisualStudioVersion = 10.0.40219.1
Project("{8BC9CEB8-8B4A-11D0-8D11-00A0C91BC942}") = "selectionSort", "selectionSort\selectionSort.vcxproj", "{19C450AC-C270-4AA9-88B1-242D6BE3ECA6}"
EndProject
Project("{8BC9CEB8-8B4A-11D0-8D11-00A0C91BC942}") = "bubbleSort", "bubbleSort\bubbleSort.vcxproj", "{6F275C6B-407C-42CB-95B6-ECA26B2168C1}"
EndProject
Project("{8BC9CEB8-8B4A-11D0-8D11-00A0C91BC942}") = "quickSort", "quickSort\quickSort.vcxproj", "{E925B84F-47C8-4C01-B13F-06402417FB62}"
EndProject
Project("{8BC9CEB8-8B4A-11D0-8D11-00A0C91BC942}") = "insertionSort", "insertionSort\insertionSort.vcxproj", "{F9E190C7-7ABB-4838-8534-D44250166060}"
EndProject
Project("{8BC9CEB8-8B4A-11D0-8D11-00A0C91BC942}") = "shellSort", "shellSort\shellSort.vcxproj", "{942B7B04-DFEE-4518-848A-4419438B6DC4}"
EndProject
Project("{8BC9CEB8-8B4A-11D0-8D11-00A0C91BC942}") = "mergeSort", "mergeSort\mergeSort.vcxproj", "{1FC8F2B6-0274-4682-80B0-95073D1BC43E}"
EndProject
Project("{8BC9CEB8-8B4A-11D0-8D11-00A0C91BC942}") = "radixSort", "radixSort\radixSort.vcxproj", "{64039955-DEE0-4B0A-A475-FC1EB6241398}"
EndProject
Project("{8BC9CEB8-8B4A-11D0-8D11-00A0C91BC942}") = "heapSort", "heapSort\heapSort.vcxproj", "{07F717CD-EB36-409A-BB13-EE0360BCB762}"
EndProject
Global
	GlobalSection(SolutionConfigurationPlatforms) = preSolution
		Debug|x64 = Debug|x64
		Debug|x86 = Debug|x86
		Release|x64 = Release|x64
		Release|x86 = Release|x86
	EndGlobalSection
	GlobalSection(ProjectConfigurationPlatforms) = postSolution
		{19C450AC-C270-4AA9-88B1-242D6BE3ECA6}.Debug|x64.ActiveCfg = Debug|x64
		{19C450AC-C270-4AA9-88B1-242D6BE3ECA6}.Debug|x64.Build.0 = Debug|x64
		{19C450AC-C270-4AA9-88B1-242D6BE3ECA6}.Debug|x86.ActiveCfg = Debug|Win32
		{19C450AC-C270-4AA9-88B1-242D6BE3ECA6}.Debug|x86.Build.0 = Debug|Win32
		{19C450AC-C270-4AA9-88B1-242D6BE3ECA6}.Release|x64.ActiveCfg = Release|x64
		{19C450AC-C270-4AA9-88B1-242D6BE3ECA6}.Release|x64.Build.0 = Release|x64
		{19C450AC-C270-4AA9-88B1-242D6BE3ECA6}.Release|x86.ActiveCfg = Release|Win32
		{19C450AC-C270-4AA9-88B1-242D6BE3ECA6}.Release|x86.Build.0 = Release|Win32
		{6F275C6B-407C-42CB-95B6-ECA26B2168C1}.Debug|x64.ActiveCfg = Debug|x64
		{6F275C6B-407C-42CB-95B6-ECA26B2168C1}.Debug|x64.Build.0 = Debug|x64
		{6F275C6B-407C-42CB-95B6-ECA26B2168C1}.Debug|x86.ActiveCfg = Debug|Win32
		{6F275C6B-407C-42CB-95B6-ECA26B2168C1}.Debug|x86.Build.0 = Debug|Win32
		{6F275C6B-407C-42CB-95B6-ECA26B2168C1}.Release|x64.ActiveCfg = Release|x64
		{6F275C6B-407C-42CB-95B6-ECA26B2168C1}.Release|x64.Build.0 = Release|x64
		{6F275C6B-407C-42CB-95B6-ECA26B2168C1}.Release|x86.ActiveCfg = Release|Win32
		{6F275C6B-407C-42CB-95B6-ECA26B2168C1}.Release|x86.Build.0 = Release|Win32
		{E925B84F-47C8-4C01-B13F-06402417FB62}.Debug|x64.ActiveCfg = Debug|x64
		{E925B84F-47C8-4C01-B13F-06402417FB62}.Debug|x64.Build.0 = Debug|x64
		{E925B84F-47C8-4C01-B13F-06402417FB62}.Debug|x86.ActiveCfg = Debug|Win32
		{E925B84F-47C8-4C01-B13F-06402417FB62}.Debug|x86.Build.0 = Debug|Win32
		{E925B84F-47C8-4C01-B13F-06402417FB62}.Release|x64.ActiveCfg = Release|x64
		{E925B84F-47C8-4C01-B13F-06402417FB62}.Release|x64.Build.0 = Release|x64
		{E925B84F-47C8-4C01-B13F-06402417FB62}.Release|x86.ActiveCfg = Release|Win32
		{E925B84F-47C8-4C01-B13F-06402417FB62}.Release|x86.Build.0 = Release|Win32
		{F9E190C7-7ABB-4838-8534-D44250166060}.Debug|x64.ActiveCfg = Debug|x64
		{F9E190C7-7ABB-4838-8534-D44250166060}.Debug|x64.Build.0 = Debug|x64
		{F9E190C7-7ABB-4838-8534-D44250166060}.Debug|x86.ActiveCfg = Debug|Win32
		{F9E190C7-7ABB-4838-8534-D44250166060}.Debug|x86.Build.0 = Debug|Win32
		{F9E190C7-7ABB-4838-8534-D44250166060}.Release|x64.ActiveCfg = Release|x64
		{F9E190C7-7ABB-4838-8534-D44250166060}.Release|x64.Build.0 = Release|x64
		{F9E190C7-7ABB-4838-8534-D44250166060}.Release|x86.ActiveCfg = Release|Win32
		{F9E190C7-7ABB-4838-8534-D44250166060}.Release|x86.Build.0 = Release|Win32
		{942B7B04-DFEE-4518-848A-4419438B6DC4}.Debug|x64.ActiveCfg = Debug|x64
		{942B7B04-DFEE-4518-848A-4419438B6DC4}.Debug|x64.Build.0 = Debug|x64
		{942B7B04-DFEE-4518-848A-4419438B6DC4}.Debug|x86.ActiveCfg = Debug|Win32
		{942B7B04-DFEE-4518-848A-4419438B6DC4}.Debug|x86.Build.0 = Debug|Win32
		{942B7B04-DFEE-4518-848A-4419438B6DC4}.Release|x64.ActiveCfg = Release|x64
		{942B7B04-DFEE-4518-848A-4419438B6DC4}.Release|x64.Build.0 = Release|x64
		{942B7B04-DFEE-4518-848A-4419438B6DC4}.Release|x86.ActiveCfg = Release|Win32
		{942B7B04-DFEE-4518-848A-4419438B6DC4}.Release|x86.Build.0 = Release|Win32
		{1FC8F2B6-0274-4682-80B0-95073D1BC43E}.Debug|x64.ActiveCfg = Debug|x64
		{1FC8F2B6-0274-4682-80B0-95073D1BC43E}.Debug|x64.Build.0 = Debug|x64
		{1FC8F2B6-0274-4682-80B0-95073D1BC43E}.Debug|x86.ActiveCfg = Debug|Win32
		{1FC8F2B6-0274-4682-80B0-95073D1BC43E}.Debug|x86.Build.0 = Debug|Win32
		{1FC8F2B6-0274-4682-80B0-95073D1BC43E}.Release|x64.ActiveCfg = Release|x64
		{1FC8F2B6-0274-4682-80B0-95073D1BC43E}.Release|x64.Build.0 = Release|x64
		{1FC8F2B6-0274-4682-80B0-95073D1BC43E}.Release|x86.ActiveCfg = Release|Win32
		{1FC8F2B6-0274-4682-80B0-95073D1BC43E}.Release|x86.Build.0 = Release|Win32
		{64039955-DEE0-4B0A-A475-FC1EB6241398}.Debug|x64.ActiveCfg = Debug|x64
		{64039955-DEE0-4B0A-A475-FC1EB6241398}.Debug|x64.Build.0 = Debug|x64
		{64039955-DEE0-4B0A-A475-FC1EB6241398}.Debug|x86.ActiveCfg = Debug|Win32
		{64039955-DEE0-4B0A-A475-FC1EB6241398}.Debug|x86.Build.0 = Debug|Win32
		{64039955-DEE0-4B0A-A475-FC1EB6241398}.Release|x64.ActiveCfg = Release|x64
		{64039955-DEE0-4B0A-A475-FC1EB6241398}.Release|x64.Build.0 = Release|x64
		{64039955-DEE0-4B0A-A475-FC1EB6241398}.Release|x86.ActiveCfg = Release|Win32
		{64039955-DEE0-4B0A-A475-FC1EB6241398}.Release|x86.Build.0 = Release|Win32
		{07F717CD-EB36-409A-BB13-EE0360BCB762}.Debug|x64.ActiveCfg = Debug|x64
		{07F717CD-EB36-409A-BB13-EE0360BCB762}.Debug|x64.Build.0 = Debug|x64
		{07F717CD-EB36-409A-BB13-EE0360BCB762}.Debug|x86.ActiveCfg = Debug|Win32
		{07F717CD-EB36-409A-BB13-EE0360BCB762}.Debug|x86.Build.0 = Debug|Win32
		{07F717CD-EB36-409A-BB13-EE0360BCB762}.Release|x64.ActiveCfg = Release|x64
		{07F717CD-EB36-409A-BB13-EE0360BCB762}.Release|x64.Build.0 = Release|x64
		{07F717CD-EB36-409A-BB13-EE0360BCB762}.Release|x86.ActiveCfg = Release|Win32
		{07F717CD-EB36-409A-BB13-EE0360BCB762}.Release|x86.Build.0 = Release|Win32
	EndGlobalSection
	GlobalSection(SolutionProperties) = preSolution
		HideSolutionNode = FALSE
	EndGlobalSection
	GlobalSection(ExtensibilityGlobals) = postSolution
		SolutionGuid = {E273619C-B5B7-435A-B81B-0EF9E9A99499}
	EndGlobalSection
EndGlobal
