
Microsoft Visual Studio Solution File, Format Version 12.00
# Visual Studio 15
VisualStudioVersion = 15.0.28010.2046
MinimumVisualStudioVersion = 10.0.40219.1
Project("{8BC9CEB8-8B4A-11D0-8D11-00A0C91BC942}") = "bintree", "bintree\bintree.vcxproj", "{99F4E035-CFAB-4324-A936-0BD853F6AD02}"
EndProject
Project("{8BC9CEB8-8B4A-11D0-8D11-00A0C91BC942}") = "bintree_traversal_rec", "bintree_traversal_rec\bintree_traversal_rec.vcxproj", "{3B118A14-90BE-49DA-85FB-D05947FA19CA}"
EndProject
Project("{8BC9CEB8-8B4A-11D0-8D11-00A0C91BC942}") = "bintree_traversal", "bintree_traversal\bintree_traversal.vcxproj", "{04DBA77B-BB54-4AFB-96DF-59D16F780294}"
EndProject
Global
	GlobalSection(SolutionConfigurationPlatforms) = preSolution
		Debug|x64 = Debug|x64
		Debug|x86 = Debug|x86
		Release|x64 = Release|x64
		Release|x86 = Release|x86
	EndGlobalSection
	GlobalSection(ProjectConfigurationPlatforms) = postSolution
		{99F4E035-CFAB-4324-A936-0BD853F6AD02}.Debug|x64.ActiveCfg = Debug|x64
		{99F4E035-CFAB-4324-A936-0BD853F6AD02}.Debug|x64.Build.0 = Debug|x64
		{99F4E035-CFAB-4324-A936-0BD853F6AD02}.Debug|x86.ActiveCfg = Debug|Win32
		{99F4E035-CFAB-4324-A936-0BD853F6AD02}.Debug|x86.Build.0 = Debug|Win32
		{99F4E035-CFAB-4324-A936-0BD853F6AD02}.Release|x64.ActiveCfg = Release|x64
		{99F4E035-CFAB-4324-A936-0BD853F6AD02}.Release|x64.Build.0 = Release|x64
		{99F4E035-CFAB-4324-A936-0BD853F6AD02}.Release|x86.ActiveCfg = Release|Win32
		{99F4E035-CFAB-4324-A936-0BD853F6AD02}.Release|x86.Build.0 = Release|Win32
		{3B118A14-90BE-49DA-85FB-D05947FA19CA}.Debug|x64.ActiveCfg = Debug|x64
		{3B118A14-90BE-49DA-85FB-D05947FA19CA}.Debug|x64.Build.0 = Debug|x64
		{3B118A14-90BE-49DA-85FB-D05947FA19CA}.Debug|x86.ActiveCfg = Debug|Win32
		{3B118A14-90BE-49DA-85FB-D05947FA19CA}.Debug|x86.Build.0 = Debug|Win32
		{3B118A14-90BE-49DA-85FB-D05947FA19CA}.Release|x64.ActiveCfg = Release|x64
		{3B118A14-90BE-49DA-85FB-D05947FA19CA}.Release|x64.Build.0 = Release|x64
		{3B118A14-90BE-49DA-85FB-D05947FA19CA}.Release|x86.ActiveCfg = Release|Win32
		{3B118A14-90BE-49DA-85FB-D05947FA19CA}.Release|x86.Build.0 = Release|Win32
		{04DBA77B-BB54-4AFB-96DF-59D16F780294}.Debug|x64.ActiveCfg = Debug|x64
		{04DBA77B-BB54-4AFB-96DF-59D16F780294}.Debug|x64.Build.0 = Debug|x64
		{04DBA77B-BB54-4AFB-96DF-59D16F780294}.Debug|x86.ActiveCfg = Debug|Win32
		{04DBA77B-BB54-4AFB-96DF-59D16F780294}.Debug|x86.Build.0 = Debug|Win32
		{04DBA77B-BB54-4AFB-96DF-59D16F780294}.Release|x64.ActiveCfg = Release|x64
		{04DBA77B-BB54-4AFB-96DF-59D16F780294}.Release|x64.Build.0 = Release|x64
		{04DBA77B-BB54-4AFB-96DF-59D16F780294}.Release|x86.ActiveCfg = Release|Win32
		{04DBA77B-BB54-4AFB-96DF-59D16F780294}.Release|x86.Build.0 = Release|Win32
	EndGlobalSection
	GlobalSection(SolutionProperties) = preSolution
		HideSolutionNode = FALSE
	EndGlobalSection
	GlobalSection(ExtensibilityGlobals) = postSolution
		SolutionGuid = {12EE2263-72DD-452F-96CE-D5BA2AAD9D9A}
	EndGlobalSection
EndGlobal
